
Microsoft Visual Studio Solution File, Format Version 12.00
# Visual Studio 15
VisualStudioVersion = 15.0.28010.2041
MinimumVisualStudioVersion = 10.0.40219.1
Project("{FAE04EC0-301F-11D3-BF4B-00C04F79EFBC}") = "B-Cientificas-Cliente", "B-Cientificas-Cliente\B-Cientificas-Cliente.csproj", "{FEA94BCC-EAED-4C9B-BC8F-B088DE6AA196}"
EndProject
Global
	GlobalSection(SolutionConfigurationPlatforms) = preSolution
		Debug|Any CPU = Debug|Any CPU
		Release|Any CPU = Release|Any CPU
	EndGlobalSection
	GlobalSection(ProjectConfigurationPlatforms) = postSolution
		{FEA94BCC-EAED-4C9B-BC8F-B088DE6AA196}.Debug|Any CPU.ActiveCfg = Debug|Any CPU
		{FEA94BCC-EAED-4C9B-BC8F-B088DE6AA196}.Debug|Any CPU.Build.0 = Debug|Any CPU
		{FEA94BCC-EAED-4C9B-BC8F-B088DE6AA196}.Release|Any CPU.ActiveCfg = Release|Any CPU
		{FEA94BCC-EAED-4C9B-BC8F-B088DE6AA196}.Release|Any CPU.Build.0 = Release|Any CPU
	EndGlobalSection
	GlobalSection(SolutionProperties) = preSolution
		HideSolutionNode = FALSE
	EndGlobalSection
	GlobalSection(ExtensibilityGlobals) = postSolution
		SolutionGuid = {C0ACB99F-235E-4860-9921-14F0B199892F}
	EndGlobalSection
EndGlobal
